
Microsoft Visual Studio Solution File, Format Version 12.00
# Visual Studio 15
VisualStudioVersion = 15.0.27428.2015
MinimumVisualStudioVersion = 10.0.40219.1
Project("{9A19103F-16F7-4668-BE54-9A1E7A4F7556}") = "WebMathTraining", "WebMathTraining.csproj", "{892AD1E1-EEE3-4BB0-90FB-0B8EB2392B90}"
EndProject
Project("{9A19103F-16F7-4668-BE54-9A1E7A4F7556}") = "ApplicationCore", "..\ApplicationCore\ApplicationCore.csproj", "{E18C396F-7D37-4BDF-9714-6673E83B2D47}"
EndProject
Project("{9A19103F-16F7-4668-BE54-9A1E7A4F7556}") = "Infrastructure", "..\Infrastructure\Infrastructure.csproj", "{E7BCAC40-B5B8-4204-A9DB-BFEF92FA3E92}"
EndProject
Project("{9A19103F-16F7-4668-BE54-9A1E7A4F7556}") = "ShopAnJ", "..\Web\ShopAnJ.csproj", "{1DF124FF-5629-406B-B132-9B3209DB4280}"
EndProject
Project("{9A19103F-16F7-4668-BE54-9A1E7A4F7556}") = "OrderManager", "..\StoreManager\OrderManager.csproj", "{C2451554-D39A-4042-9E5E-C44297A6EBCB}"
EndProject
Project("{9A19103F-16F7-4668-BE54-9A1E7A4F7556}") = "BaseEntity.Configuration", "..\ObjectModels\src\BaseEntity.Configuration.csproj", "{68E0205A-8260-4756-91D9-D06CD386EE25}"
EndProject
Project("{9A19103F-16F7-4668-BE54-9A1E7A4F7556}") = "BaseEntityObjects", "..\BaseEntityObjects\src\BaseEntityObjects.csproj", "{2054832D-DCAB-485F-8286-471A00B54CED}"
EndProject
Project("{9A19103F-16F7-4668-BE54-9A1E7A4F7556}") = "BaseEntity.Metadata", "..\BaseEntityMeta\src\BaseEntity.Metadata.csproj", "{F38E48D1-EB11-44DA-8800-9E3495FB2561}"
EndProject
Project("{9A19103F-16F7-4668-BE54-9A1E7A4F7556}") = "BaseEntity.Database", "..\BaseEntity.Database\BaseEntity.Database.csproj", "{3AEC87B2-72DB-4F47-BFE3-F33E2B3F65A5}"
EndProject
Project("{9A19103F-16F7-4668-BE54-9A1E7A4F7556}") = "BaseEntity.Toolkit.Base", "..\BaseEntity.Toolkit.Base\BaseEntity.Toolkit.Base.csproj", "{7392F7DB-47FD-4643-A809-F4A9CB10C44D}"
EndProject
Project("{9A19103F-16F7-4668-BE54-9A1E7A4F7556}") = "BaseEntity.Toolkit.Native", "..\BaseEntity.Toolkit.Native\BaseEntity.Toolkit.Native.csproj", "{91485B85-F6B0-4798-8341-C1E1D70E3757}"
EndProject
Project("{9A19103F-16F7-4668-BE54-9A1E7A4F7556}") = "BaseEntity.Toolkit", "..\BaseEntity.Toolkit\BaseEntity.Toolkit.csproj", "{64B0E5A9-308D-4AE0-89D4-EC5622D09268}"
EndProject
Global
	GlobalSection(SolutionConfigurationPlatforms) = preSolution
		Debug|Any CPU = Debug|Any CPU
		Debug|x86 = Debug|x86
		Release|Any CPU = Release|Any CPU
		Release|x86 = Release|x86
	EndGlobalSection
	GlobalSection(ProjectConfigurationPlatforms) = postSolution
		{892AD1E1-EEE3-4BB0-90FB-0B8EB2392B90}.Debug|Any CPU.ActiveCfg = Debug|Any CPU
		{892AD1E1-EEE3-4BB0-90FB-0B8EB2392B90}.Debug|Any CPU.Build.0 = Debug|Any CPU
		{892AD1E1-EEE3-4BB0-90FB-0B8EB2392B90}.Debug|x86.ActiveCfg = Debug|Any CPU
		{892AD1E1-EEE3-4BB0-90FB-0B8EB2392B90}.Debug|x86.Build.0 = Debug|Any CPU
		{892AD1E1-EEE3-4BB0-90FB-0B8EB2392B90}.Release|Any CPU.ActiveCfg = Release|Any CPU
		{892AD1E1-EEE3-4BB0-90FB-0B8EB2392B90}.Release|Any CPU.Build.0 = Release|Any CPU
		{892AD1E1-EEE3-4BB0-90FB-0B8EB2392B90}.Release|x86.ActiveCfg = Release|Any CPU
		{892AD1E1-EEE3-4BB0-90FB-0B8EB2392B90}.Release|x86.Build.0 = Release|Any CPU
		{E18C396F-7D37-4BDF-9714-6673E83B2D47}.Debug|Any CPU.ActiveCfg = Debug|Any CPU
		{E18C396F-7D37-4BDF-9714-6673E83B2D47}.Debug|Any CPU.Build.0 = Debug|Any CPU
		{E18C396F-7D37-4BDF-9714-6673E83B2D47}.Debug|x86.ActiveCfg = Debug|Any CPU
		{E18C396F-7D37-4BDF-9714-6673E83B2D47}.Debug|x86.Build.0 = Debug|Any CPU
		{E18C396F-7D37-4BDF-9714-6673E83B2D47}.Release|Any CPU.ActiveCfg = Release|Any CPU
		{E18C396F-7D37-4BDF-9714-6673E83B2D47}.Release|Any CPU.Build.0 = Release|Any CPU
		{E18C396F-7D37-4BDF-9714-6673E83B2D47}.Release|x86.ActiveCfg = Release|Any CPU
		{E18C396F-7D37-4BDF-9714-6673E83B2D47}.Release|x86.Build.0 = Release|Any CPU
		{E7BCAC40-B5B8-4204-A9DB-BFEF92FA3E92}.Debug|Any CPU.ActiveCfg = Debug|Any CPU
		{E7BCAC40-B5B8-4204-A9DB-BFEF92FA3E92}.Debug|Any CPU.Build.0 = Debug|Any CPU
		{E7BCAC40-B5B8-4204-A9DB-BFEF92FA3E92}.Debug|x86.ActiveCfg = Debug|Any CPU
		{E7BCAC40-B5B8-4204-A9DB-BFEF92FA3E92}.Debug|x86.Build.0 = Debug|Any CPU
		{E7BCAC40-B5B8-4204-A9DB-BFEF92FA3E92}.Release|Any CPU.ActiveCfg = Release|Any CPU
		{E7BCAC40-B5B8-4204-A9DB-BFEF92FA3E92}.Release|Any CPU.Build.0 = Release|Any CPU
		{E7BCAC40-B5B8-4204-A9DB-BFEF92FA3E92}.Release|x86.ActiveCfg = Release|Any CPU
		{E7BCAC40-B5B8-4204-A9DB-BFEF92FA3E92}.Release|x86.Build.0 = Release|Any CPU
		{1DF124FF-5629-406B-B132-9B3209DB4280}.Debug|Any CPU.ActiveCfg = Debug|Any CPU
		{1DF124FF-5629-406B-B132-9B3209DB4280}.Debug|Any CPU.Build.0 = Debug|Any CPU
		{1DF124FF-5629-406B-B132-9B3209DB4280}.Debug|x86.ActiveCfg = Debug|Any CPU
		{1DF124FF-5629-406B-B132-9B3209DB4280}.Debug|x86.Build.0 = Debug|Any CPU
		{1DF124FF-5629-406B-B132-9B3209DB4280}.Release|Any CPU.ActiveCfg = Release|Any CPU
		{1DF124FF-5629-406B-B132-9B3209DB4280}.Release|Any CPU.Build.0 = Release|Any CPU
		{1DF124FF-5629-406B-B132-9B3209DB4280}.Release|x86.ActiveCfg = Release|Any CPU
		{1DF124FF-5629-406B-B132-9B3209DB4280}.Release|x86.Build.0 = Release|Any CPU
		{C2451554-D39A-4042-9E5E-C44297A6EBCB}.Debug|Any CPU.ActiveCfg = Debug|Any CPU
		{C2451554-D39A-4042-9E5E-C44297A6EBCB}.Debug|Any CPU.Build.0 = Debug|Any CPU
		{C2451554-D39A-4042-9E5E-C44297A6EBCB}.Debug|x86.ActiveCfg = Debug|Any CPU
		{C2451554-D39A-4042-9E5E-C44297A6EBCB}.Debug|x86.Build.0 = Debug|Any CPU
		{C2451554-D39A-4042-9E5E-C44297A6EBCB}.Release|Any CPU.ActiveCfg = Release|Any CPU
		{C2451554-D39A-4042-9E5E-C44297A6EBCB}.Release|Any CPU.Build.0 = Release|Any CPU
		{C2451554-D39A-4042-9E5E-C44297A6EBCB}.Release|x86.ActiveCfg = Release|Any CPU
		{C2451554-D39A-4042-9E5E-C44297A6EBCB}.Release|x86.Build.0 = Release|Any CPU
		{68E0205A-8260-4756-91D9-D06CD386EE25}.Debug|Any CPU.ActiveCfg = Debug|Any CPU
		{68E0205A-8260-4756-91D9-D06CD386EE25}.Debug|Any CPU.Build.0 = Debug|Any CPU
		{68E0205A-8260-4756-91D9-D06CD386EE25}.Debug|x86.ActiveCfg = Debug|Any CPU
		{68E0205A-8260-4756-91D9-D06CD386EE25}.Debug|x86.Build.0 = Debug|Any CPU
		{68E0205A-8260-4756-91D9-D06CD386EE25}.Release|Any CPU.ActiveCfg = Release|Any CPU
		{68E0205A-8260-4756-91D9-D06CD386EE25}.Release|Any CPU.Build.0 = Release|Any CPU
		{68E0205A-8260-4756-91D9-D06CD386EE25}.Release|x86.ActiveCfg = Release|Any CPU
		{68E0205A-8260-4756-91D9-D06CD386EE25}.Release|x86.Build.0 = Release|Any CPU
		{2054832D-DCAB-485F-8286-471A00B54CED}.Debug|Any CPU.ActiveCfg = Debug|Any CPU
		{2054832D-DCAB-485F-8286-471A00B54CED}.Debug|Any CPU.Build.0 = Debug|Any CPU
		{2054832D-DCAB-485F-8286-471A00B54CED}.Debug|x86.ActiveCfg = Debug|Any CPU
		{2054832D-DCAB-485F-8286-471A00B54CED}.Debug|x86.Build.0 = Debug|Any CPU
		{2054832D-DCAB-485F-8286-471A00B54CED}.Release|Any CPU.ActiveCfg = Release|Any CPU
		{2054832D-DCAB-485F-8286-471A00B54CED}.Release|Any CPU.Build.0 = Release|Any CPU
		{2054832D-DCAB-485F-8286-471A00B54CED}.Release|x86.ActiveCfg = Release|Any CPU
		{2054832D-DCAB-485F-8286-471A00B54CED}.Release|x86.Build.0 = Release|Any CPU
		{F38E48D1-EB11-44DA-8800-9E3495FB2561}.Debug|Any CPU.ActiveCfg = Debug|Any CPU
		{F38E48D1-EB11-44DA-8800-9E3495FB2561}.Debug|Any CPU.Build.0 = Debug|Any CPU
		{F38E48D1-EB11-44DA-8800-9E3495FB2561}.Debug|x86.ActiveCfg = Debug|Any CPU
		{F38E48D1-EB11-44DA-8800-9E3495FB2561}.Debug|x86.Build.0 = Debug|Any CPU
		{F38E48D1-EB11-44DA-8800-9E3495FB2561}.Release|Any CPU.ActiveCfg = Release|Any CPU
		{F38E48D1-EB11-44DA-8800-9E3495FB2561}.Release|Any CPU.Build.0 = Release|Any CPU
		{F38E48D1-EB11-44DA-8800-9E3495FB2561}.Release|x86.ActiveCfg = Release|Any CPU
		{F38E48D1-EB11-44DA-8800-9E3495FB2561}.Release|x86.Build.0 = Release|Any CPU
		{3AEC87B2-72DB-4F47-BFE3-F33E2B3F65A5}.Debug|Any CPU.ActiveCfg = Debug|Any CPU
		{3AEC87B2-72DB-4F47-BFE3-F33E2B3F65A5}.Debug|Any CPU.Build.0 = Debug|Any CPU
		{3AEC87B2-72DB-4F47-BFE3-F33E2B3F65A5}.Debug|x86.ActiveCfg = Debug|Any CPU
		{3AEC87B2-72DB-4F47-BFE3-F33E2B3F65A5}.Debug|x86.Build.0 = Debug|Any CPU
		{3AEC87B2-72DB-4F47-BFE3-F33E2B3F65A5}.Release|Any CPU.ActiveCfg = Release|Any CPU
		{3AEC87B2-72DB-4F47-BFE3-F33E2B3F65A5}.Release|Any CPU.Build.0 = Release|Any CPU
		{3AEC87B2-72DB-4F47-BFE3-F33E2B3F65A5}.Release|x86.ActiveCfg = Release|Any CPU
		{3AEC87B2-72DB-4F47-BFE3-F33E2B3F65A5}.Release|x86.Build.0 = Release|Any CPU
		{7392F7DB-47FD-4643-A809-F4A9CB10C44D}.Debug|Any CPU.ActiveCfg = Debug|Any CPU
		{7392F7DB-47FD-4643-A809-F4A9CB10C44D}.Debug|Any CPU.Build.0 = Debug|Any CPU
		{7392F7DB-47FD-4643-A809-F4A9CB10C44D}.Debug|x86.ActiveCfg = Debug|Any CPU
		{7392F7DB-47FD-4643-A809-F4A9CB10C44D}.Debug|x86.Build.0 = Debug|Any CPU
		{7392F7DB-47FD-4643-A809-F4A9CB10C44D}.Release|Any CPU.ActiveCfg = Release|Any CPU
		{7392F7DB-47FD-4643-A809-F4A9CB10C44D}.Release|Any CPU.Build.0 = Release|Any CPU
		{7392F7DB-47FD-4643-A809-F4A9CB10C44D}.Release|x86.ActiveCfg = Release|Any CPU
		{7392F7DB-47FD-4643-A809-F4A9CB10C44D}.Release|x86.Build.0 = Release|Any CPU
		{91485B85-F6B0-4798-8341-C1E1D70E3757}.Debug|Any CPU.ActiveCfg = Debug|Any CPU
		{91485B85-F6B0-4798-8341-C1E1D70E3757}.Debug|Any CPU.Build.0 = Debug|Any CPU
		{91485B85-F6B0-4798-8341-C1E1D70E3757}.Debug|x86.ActiveCfg = Debug|Any CPU
		{91485B85-F6B0-4798-8341-C1E1D70E3757}.Debug|x86.Build.0 = Debug|Any CPU
		{91485B85-F6B0-4798-8341-C1E1D70E3757}.Release|Any CPU.ActiveCfg = Release|Any CPU
		{91485B85-F6B0-4798-8341-C1E1D70E3757}.Release|Any CPU.Build.0 = Release|Any CPU
		{91485B85-F6B0-4798-8341-C1E1D70E3757}.Release|x86.ActiveCfg = Release|Any CPU
		{91485B85-F6B0-4798-8341-C1E1D70E3757}.Release|x86.Build.0 = Release|Any CPU
		{64B0E5A9-308D-4AE0-89D4-EC5622D09268}.Debug|Any CPU.ActiveCfg = Debug|Any CPU
		{64B0E5A9-308D-4AE0-89D4-EC5622D09268}.Debug|Any CPU.Build.0 = Debug|Any CPU
		{64B0E5A9-308D-4AE0-89D4-EC5622D09268}.Debug|x86.ActiveCfg = Debug|Any CPU
		{64B0E5A9-308D-4AE0-89D4-EC5622D09268}.Debug|x86.Build.0 = Debug|Any CPU
		{64B0E5A9-308D-4AE0-89D4-EC5622D09268}.Release|Any CPU.ActiveCfg = Release|Any CPU
		{64B0E5A9-308D-4AE0-89D4-EC5622D09268}.Release|Any CPU.Build.0 = Release|Any CPU
		{64B0E5A9-308D-4AE0-89D4-EC5622D09268}.Release|x86.ActiveCfg = Release|Any CPU
		{64B0E5A9-308D-4AE0-89D4-EC5622D09268}.Release|x86.Build.0 = Release|Any CPU
	EndGlobalSection
	GlobalSection(SolutionProperties) = preSolution
		HideSolutionNode = FALSE
	EndGlobalSection
	GlobalSection(ExtensibilityGlobals) = postSolution
		SolutionGuid = {1D2E4E98-970B-4039-B94D-639BC29B6422}
	EndGlobalSection
EndGlobal
